
Microsoft Visual Studio Solution File, Format Version 12.00
# Visual Studio 15
VisualStudioVersion = 15.0.28307.757
MinimumVisualStudioVersion = 10.0.40219.1
Project("{FAE04EC0-301F-11D3-BF4B-00C04F79EFBC}") = "ConsoleApp1", "ConsoleApp1\ConsoleApp1.csproj", "{D03AF429-28EF-46B1-873D-639FA86BC6CE}"
EndProject
Global
	GlobalSection(SolutionConfigurationPlatforms) = preSolution
		Debug|Any CPU = Debug|Any CPU
		Release|Any CPU = Release|Any CPU
	EndGlobalSection
	GlobalSection(ProjectConfigurationPlatforms) = postSolution
		{D03AF429-28EF-46B1-873D-639FA86BC6CE}.Debug|Any CPU.ActiveCfg = Debug|Any CPU
		{D03AF429-28EF-46B1-873D-639FA86BC6CE}.Debug|Any CPU.Build.0 = Debug|Any CPU
		{D03AF429-28EF-46B1-873D-639FA86BC6CE}.Release|Any CPU.ActiveCfg = Release|Any CPU
		{D03AF429-28EF-46B1-873D-639FA86BC6CE}.Release|Any CPU.Build.0 = Release|Any CPU
	EndGlobalSection
	GlobalSection(SolutionProperties) = preSolution
		HideSolutionNode = FALSE
	EndGlobalSection
	GlobalSection(ExtensibilityGlobals) = postSolution
		SolutionGuid = {E823E0AB-4278-4843-90F1-8B0DB8B9E277}
	EndGlobalSection
EndGlobal
